
Microsoft Visual Studio Solution File, Format Version 12.00
# Visual Studio Version 16
VisualStudioVersion = 16.0.30717.126
MinimumVisualStudioVersion = 10.0.40219.1
Project("{FAE04EC0-301F-11D3-BF4B-00C04F79EFBC}") = "WebApplication4", "WebApplication4\WebApplication4.csproj", "{EED4517B-DAB2-46AD-BA73-02F601BFA7A8}"
EndProject
Global
	GlobalSection(SolutionConfigurationPlatforms) = preSolution
		Debug|Any CPU = Debug|Any CPU
		Release|Any CPU = Release|Any CPU
	EndGlobalSection
	GlobalSection(ProjectConfigurationPlatforms) = postSolution
		{EED4517B-DAB2-46AD-BA73-02F601BFA7A8}.Debug|Any CPU.ActiveCfg = Debug|Any CPU
		{EED4517B-DAB2-46AD-BA73-02F601BFA7A8}.Debug|Any CPU.Build.0 = Debug|Any CPU
		{EED4517B-DAB2-46AD-BA73-02F601BFA7A8}.Release|Any CPU.ActiveCfg = Release|Any CPU
		{EED4517B-DAB2-46AD-BA73-02F601BFA7A8}.Release|Any CPU.Build.0 = Release|Any CPU
	EndGlobalSection
	GlobalSection(SolutionProperties) = preSolution
		HideSolutionNode = FALSE
	EndGlobalSection
	GlobalSection(ExtensibilityGlobals) = postSolution
		SolutionGuid = {CA1520B1-1FC4-41B4-9CF1-89CCAE35034A}
	EndGlobalSection
EndGlobal
